
Microsoft Visual Studio Solution File, Format Version 12.00
# Visual Studio 15
VisualStudioVersion = 15.0.28010.2036
MinimumVisualStudioVersion = 10.0.40219.1
Project("{9A19103F-16F7-4668-BE54-9A1E7A4F7556}") = "MachineLearningTests", "MachineLearningTests\MachineLearningTests.csproj", "{D5C71C85-6A86-44B8-8EF8-84911E900F54}"
EndProject
Project("{FAE04EC0-301F-11D3-BF4B-00C04F79EFBC}") = "CanvasForML", "CanvasForML\CanvasForML.csproj", "{087ACE04-934A-4328-A5A8-AAA3C18858BB}"
EndProject
Global
	GlobalSection(SolutionConfigurationPlatforms) = preSolution
		Debug|Any CPU = Debug|Any CPU
		Release|Any CPU = Release|Any CPU
	EndGlobalSection
	GlobalSection(ProjectConfigurationPlatforms) = postSolution
		{D5C71C85-6A86-44B8-8EF8-84911E900F54}.Debug|Any CPU.ActiveCfg = Debug|Any CPU
		{D5C71C85-6A86-44B8-8EF8-84911E900F54}.Debug|Any CPU.Build.0 = Debug|Any CPU
		{D5C71C85-6A86-44B8-8EF8-84911E900F54}.Release|Any CPU.ActiveCfg = Release|Any CPU
		{D5C71C85-6A86-44B8-8EF8-84911E900F54}.Release|Any CPU.Build.0 = Release|Any CPU
		{087ACE04-934A-4328-A5A8-AAA3C18858BB}.Debug|Any CPU.ActiveCfg = Debug|Any CPU
		{087ACE04-934A-4328-A5A8-AAA3C18858BB}.Debug|Any CPU.Build.0 = Debug|Any CPU
		{087ACE04-934A-4328-A5A8-AAA3C18858BB}.Release|Any CPU.ActiveCfg = Release|Any CPU
		{087ACE04-934A-4328-A5A8-AAA3C18858BB}.Release|Any CPU.Build.0 = Release|Any CPU
	EndGlobalSection
	GlobalSection(SolutionProperties) = preSolution
		HideSolutionNode = FALSE
	EndGlobalSection
	GlobalSection(ExtensibilityGlobals) = postSolution
		SolutionGuid = {B3896CE4-ABE5-47D9-9463-F9D60267D4D6}
	EndGlobalSection
EndGlobal
